
Microsoft Visual Studio Solution File, Format Version 11.00
# Visual Studio 2010
Project("{FAE04EC0-301F-11D3-BF4B-00C04F79EFBC}") = "MusicPlayerWindow", "MusicPlayerWindow\MusicPlayerWindow.csproj", "{77B8777E-0737-4AE2-8CDB-FD3B4DA61FC4}"
EndProject
Project("{54435603-DBB4-11D2-8724-00A0C9A8B90C}") = "Playlist Shuffler", "Playlist Shuffler\Playlist Shuffler.vdproj", "{23583B2C-D144-4BC0-A435-1818D3EFB002}"
EndProject
Project("{2150E333-8FDC-42A3-9474-1A3956D46DE8}") = "Solution Items", "Solution Items", "{C324D879-3BD5-4B79-9DFD-6F0D41824C92}"
	ProjectSection(SolutionItems) = preProject
		Documentation.shfbproj = Documentation.shfbproj
	EndProjectSection
EndProject
Global
	GlobalSection(SubversionScc) = preSolution
		Svn-Managed = True
		Manager = AnkhSVN - Subversion Support for Visual Studio
	EndGlobalSection
	GlobalSection(SolutionConfigurationPlatforms) = preSolution
		Debug|x86 = Debug|x86
		Release|x86 = Release|x86
	EndGlobalSection
	GlobalSection(ProjectConfigurationPlatforms) = postSolution
		{77B8777E-0737-4AE2-8CDB-FD3B4DA61FC4}.Debug|x86.ActiveCfg = Debug|x86
		{77B8777E-0737-4AE2-8CDB-FD3B4DA61FC4}.Debug|x86.Build.0 = Debug|x86
		{77B8777E-0737-4AE2-8CDB-FD3B4DA61FC4}.Release|x86.ActiveCfg = Release|x86
		{77B8777E-0737-4AE2-8CDB-FD3B4DA61FC4}.Release|x86.Build.0 = Release|x86
		{23583B2C-D144-4BC0-A435-1818D3EFB002}.Debug|x86.ActiveCfg = Debug
		{23583B2C-D144-4BC0-A435-1818D3EFB002}.Release|x86.ActiveCfg = Release
	EndGlobalSection
	GlobalSection(SolutionProperties) = preSolution
		HideSolutionNode = FALSE
	EndGlobalSection
EndGlobal
