
Microsoft Visual Studio Solution File, Format Version 11.00
# Visual Studio 2010
Project("{FAE04EC0-301F-11D3-BF4B-00C04F79EFBC}") = "MusicPlayerWindow", "MusicPlayerWindow\MusicPlayerWindow.csproj", "{77B8777E-0737-4AE2-8CDB-FD3B4DA61FC4}"
EndProject
Project("{54435603-DBB4-11D2-8724-00A0C9A8B90C}") = "Playlist Shuffler", "Playlist Shuffler\Playlist Shuffler.vdproj", "{23583B2C-D144-4BC0-A435-1818D3EFB002}"
EndProject
Project("{2150E333-8FDC-42A3-9474-1A3956D46DE8}") = "Solution Items", "Solution Items", "{C324D879-3BD5-4B79-9DFD-6F0D41824C92}"
	ProjectSection(SolutionItems) = preProject
		Documentation.shfbproj = Documentation.shfbproj
	EndProjectSection
EndProject
Project("{FAE04EC0-301F-11D3-BF4B-00C04F79EFBC}") = "Core", "..\..\..\..\Downloads\Windows API Code Pack 1.1\Windows API Code Pack 1.1\source\WindowsAPICodePack\Core\Core.csproj", "{2E1FB0DF-F9BB-4909-9F32-2D9D022A8E57}"
EndProject
Project("{FAE04EC0-301F-11D3-BF4B-00C04F79EFBC}") = "Shell", "..\..\..\..\Downloads\Windows API Code Pack 1.1\Windows API Code Pack 1.1\source\WindowsAPICodePack\Shell\Shell.csproj", "{AA0C00CB-8699-4F37-BFAE-40CA87ACC06D}"
EndProject
Global
	GlobalSection(SubversionScc) = preSolution
		Svn-Managed = True
		Manager = AnkhSVN - Subversion Support for Visual Studio
	EndGlobalSection
	GlobalSection(SolutionConfigurationPlatforms) = preSolution
		CodeAnalysisDebug|Any CPU = CodeAnalysisDebug|Any CPU
		CodeAnalysisDebug|Mixed Platforms = CodeAnalysisDebug|Mixed Platforms
		CodeAnalysisDebug|x64 = CodeAnalysisDebug|x64
		CodeAnalysisDebug|x86 = CodeAnalysisDebug|x86
		Debug|Any CPU = Debug|Any CPU
		Debug|Mixed Platforms = Debug|Mixed Platforms
		Debug|x64 = Debug|x64
		Debug|x86 = Debug|x86
		Release|Any CPU = Release|Any CPU
		Release|Mixed Platforms = Release|Mixed Platforms
		Release|x64 = Release|x64
		Release|x86 = Release|x86
	EndGlobalSection
	GlobalSection(ProjectConfigurationPlatforms) = postSolution
		{77B8777E-0737-4AE2-8CDB-FD3B4DA61FC4}.CodeAnalysisDebug|Any CPU.ActiveCfg = Debug|x86
		{77B8777E-0737-4AE2-8CDB-FD3B4DA61FC4}.CodeAnalysisDebug|Mixed Platforms.ActiveCfg = Debug|x86
		{77B8777E-0737-4AE2-8CDB-FD3B4DA61FC4}.CodeAnalysisDebug|Mixed Platforms.Build.0 = Debug|x86
		{77B8777E-0737-4AE2-8CDB-FD3B4DA61FC4}.CodeAnalysisDebug|x64.ActiveCfg = Debug|x86
		{77B8777E-0737-4AE2-8CDB-FD3B4DA61FC4}.CodeAnalysisDebug|x86.ActiveCfg = Debug|x86
		{77B8777E-0737-4AE2-8CDB-FD3B4DA61FC4}.CodeAnalysisDebug|x86.Build.0 = Debug|x86
		{77B8777E-0737-4AE2-8CDB-FD3B4DA61FC4}.Debug|Any CPU.ActiveCfg = Debug|x86
		{77B8777E-0737-4AE2-8CDB-FD3B4DA61FC4}.Debug|Mixed Platforms.ActiveCfg = Debug|x86
		{77B8777E-0737-4AE2-8CDB-FD3B4DA61FC4}.Debug|Mixed Platforms.Build.0 = Debug|x86
		{77B8777E-0737-4AE2-8CDB-FD3B4DA61FC4}.Debug|x64.ActiveCfg = Debug|x86
		{77B8777E-0737-4AE2-8CDB-FD3B4DA61FC4}.Debug|x86.ActiveCfg = Debug|x86
		{77B8777E-0737-4AE2-8CDB-FD3B4DA61FC4}.Debug|x86.Build.0 = Debug|x86
		{77B8777E-0737-4AE2-8CDB-FD3B4DA61FC4}.Release|Any CPU.ActiveCfg = Release|x86
		{77B8777E-0737-4AE2-8CDB-FD3B4DA61FC4}.Release|Mixed Platforms.ActiveCfg = Release|x86
		{77B8777E-0737-4AE2-8CDB-FD3B4DA61FC4}.Release|Mixed Platforms.Build.0 = Release|x86
		{77B8777E-0737-4AE2-8CDB-FD3B4DA61FC4}.Release|x64.ActiveCfg = Release|x86
		{77B8777E-0737-4AE2-8CDB-FD3B4DA61FC4}.Release|x86.ActiveCfg = Release|x86
		{77B8777E-0737-4AE2-8CDB-FD3B4DA61FC4}.Release|x86.Build.0 = Release|x86
		{23583B2C-D144-4BC0-A435-1818D3EFB002}.CodeAnalysisDebug|Any CPU.ActiveCfg = Debug
		{23583B2C-D144-4BC0-A435-1818D3EFB002}.CodeAnalysisDebug|Any CPU.Build.0 = Debug
		{23583B2C-D144-4BC0-A435-1818D3EFB002}.CodeAnalysisDebug|Mixed Platforms.ActiveCfg = Debug
		{23583B2C-D144-4BC0-A435-1818D3EFB002}.CodeAnalysisDebug|Mixed Platforms.Build.0 = Debug
		{23583B2C-D144-4BC0-A435-1818D3EFB002}.CodeAnalysisDebug|x64.ActiveCfg = Debug
		{23583B2C-D144-4BC0-A435-1818D3EFB002}.CodeAnalysisDebug|x64.Build.0 = Debug
		{23583B2C-D144-4BC0-A435-1818D3EFB002}.CodeAnalysisDebug|x86.ActiveCfg = Debug
		{23583B2C-D144-4BC0-A435-1818D3EFB002}.CodeAnalysisDebug|x86.Build.0 = Debug
		{23583B2C-D144-4BC0-A435-1818D3EFB002}.Debug|Any CPU.ActiveCfg = Debug
		{23583B2C-D144-4BC0-A435-1818D3EFB002}.Debug|Any CPU.Build.0 = Debug
		{23583B2C-D144-4BC0-A435-1818D3EFB002}.Debug|Mixed Platforms.ActiveCfg = Debug
		{23583B2C-D144-4BC0-A435-1818D3EFB002}.Debug|Mixed Platforms.Build.0 = Debug
		{23583B2C-D144-4BC0-A435-1818D3EFB002}.Debug|x64.ActiveCfg = Debug
		{23583B2C-D144-4BC0-A435-1818D3EFB002}.Debug|x64.Build.0 = Debug
		{23583B2C-D144-4BC0-A435-1818D3EFB002}.Debug|x86.ActiveCfg = Debug
		{23583B2C-D144-4BC0-A435-1818D3EFB002}.Release|Any CPU.ActiveCfg = Release
		{23583B2C-D144-4BC0-A435-1818D3EFB002}.Release|Any CPU.Build.0 = Release
		{23583B2C-D144-4BC0-A435-1818D3EFB002}.Release|Mixed Platforms.ActiveCfg = Release
		{23583B2C-D144-4BC0-A435-1818D3EFB002}.Release|Mixed Platforms.Build.0 = Release
		{23583B2C-D144-4BC0-A435-1818D3EFB002}.Release|x64.ActiveCfg = Release
		{23583B2C-D144-4BC0-A435-1818D3EFB002}.Release|x64.Build.0 = Release
		{23583B2C-D144-4BC0-A435-1818D3EFB002}.Release|x86.ActiveCfg = Release
		{2E1FB0DF-F9BB-4909-9F32-2D9D022A8E57}.CodeAnalysisDebug|Any CPU.ActiveCfg = Debug|Any CPU
		{2E1FB0DF-F9BB-4909-9F32-2D9D022A8E57}.CodeAnalysisDebug|Any CPU.Build.0 = Debug|Any CPU
		{2E1FB0DF-F9BB-4909-9F32-2D9D022A8E57}.CodeAnalysisDebug|Mixed Platforms.ActiveCfg = Debug|x64
		{2E1FB0DF-F9BB-4909-9F32-2D9D022A8E57}.CodeAnalysisDebug|Mixed Platforms.Build.0 = Debug|x64
		{2E1FB0DF-F9BB-4909-9F32-2D9D022A8E57}.CodeAnalysisDebug|x64.ActiveCfg = Debug|x64
		{2E1FB0DF-F9BB-4909-9F32-2D9D022A8E57}.CodeAnalysisDebug|x64.Build.0 = Debug|x64
		{2E1FB0DF-F9BB-4909-9F32-2D9D022A8E57}.CodeAnalysisDebug|x86.ActiveCfg = Debug|x64
		{2E1FB0DF-F9BB-4909-9F32-2D9D022A8E57}.Debug|Any CPU.ActiveCfg = Debug|Any CPU
		{2E1FB0DF-F9BB-4909-9F32-2D9D022A8E57}.Debug|Any CPU.Build.0 = Debug|Any CPU
		{2E1FB0DF-F9BB-4909-9F32-2D9D022A8E57}.Debug|Mixed Platforms.ActiveCfg = Debug|x64
		{2E1FB0DF-F9BB-4909-9F32-2D9D022A8E57}.Debug|Mixed Platforms.Build.0 = Debug|x64
		{2E1FB0DF-F9BB-4909-9F32-2D9D022A8E57}.Debug|x64.ActiveCfg = Debug|x64
		{2E1FB0DF-F9BB-4909-9F32-2D9D022A8E57}.Debug|x64.Build.0 = Debug|x64
		{2E1FB0DF-F9BB-4909-9F32-2D9D022A8E57}.Debug|x86.ActiveCfg = Debug|x86
		{2E1FB0DF-F9BB-4909-9F32-2D9D022A8E57}.Debug|x86.Build.0 = Debug|x86
		{2E1FB0DF-F9BB-4909-9F32-2D9D022A8E57}.Release|Any CPU.ActiveCfg = Release|Any CPU
		{2E1FB0DF-F9BB-4909-9F32-2D9D022A8E57}.Release|Any CPU.Build.0 = Release|Any CPU
		{2E1FB0DF-F9BB-4909-9F32-2D9D022A8E57}.Release|Mixed Platforms.ActiveCfg = Release|x64
		{2E1FB0DF-F9BB-4909-9F32-2D9D022A8E57}.Release|Mixed Platforms.Build.0 = Release|x64
		{2E1FB0DF-F9BB-4909-9F32-2D9D022A8E57}.Release|x64.ActiveCfg = Release|x64
		{2E1FB0DF-F9BB-4909-9F32-2D9D022A8E57}.Release|x64.Build.0 = Release|x64
		{2E1FB0DF-F9BB-4909-9F32-2D9D022A8E57}.Release|x86.ActiveCfg = Release|x86
		{2E1FB0DF-F9BB-4909-9F32-2D9D022A8E57}.Release|x86.Build.0 = Release|x86
		{AA0C00CB-8699-4F37-BFAE-40CA87ACC06D}.CodeAnalysisDebug|Any CPU.ActiveCfg = CodeAnalysisDebug|Any CPU
		{AA0C00CB-8699-4F37-BFAE-40CA87ACC06D}.CodeAnalysisDebug|Any CPU.Build.0 = CodeAnalysisDebug|Any CPU
		{AA0C00CB-8699-4F37-BFAE-40CA87ACC06D}.CodeAnalysisDebug|Mixed Platforms.ActiveCfg = CodeAnalysisDebug|x64
		{AA0C00CB-8699-4F37-BFAE-40CA87ACC06D}.CodeAnalysisDebug|Mixed Platforms.Build.0 = CodeAnalysisDebug|x64
		{AA0C00CB-8699-4F37-BFAE-40CA87ACC06D}.CodeAnalysisDebug|x64.ActiveCfg = CodeAnalysisDebug|x64
		{AA0C00CB-8699-4F37-BFAE-40CA87ACC06D}.CodeAnalysisDebug|x64.Build.0 = CodeAnalysisDebug|x64
		{AA0C00CB-8699-4F37-BFAE-40CA87ACC06D}.CodeAnalysisDebug|x86.ActiveCfg = CodeAnalysisDebug|x64
		{AA0C00CB-8699-4F37-BFAE-40CA87ACC06D}.Debug|Any CPU.ActiveCfg = Debug|Any CPU
		{AA0C00CB-8699-4F37-BFAE-40CA87ACC06D}.Debug|Any CPU.Build.0 = Debug|Any CPU
		{AA0C00CB-8699-4F37-BFAE-40CA87ACC06D}.Debug|Mixed Platforms.ActiveCfg = Debug|x64
		{AA0C00CB-8699-4F37-BFAE-40CA87ACC06D}.Debug|Mixed Platforms.Build.0 = Debug|x64
		{AA0C00CB-8699-4F37-BFAE-40CA87ACC06D}.Debug|x64.ActiveCfg = Debug|x64
		{AA0C00CB-8699-4F37-BFAE-40CA87ACC06D}.Debug|x64.Build.0 = Debug|x64
		{AA0C00CB-8699-4F37-BFAE-40CA87ACC06D}.Debug|x86.ActiveCfg = Debug|x86
		{AA0C00CB-8699-4F37-BFAE-40CA87ACC06D}.Debug|x86.Build.0 = Debug|x86
		{AA0C00CB-8699-4F37-BFAE-40CA87ACC06D}.Release|Any CPU.ActiveCfg = Release|Any CPU
		{AA0C00CB-8699-4F37-BFAE-40CA87ACC06D}.Release|Any CPU.Build.0 = Release|Any CPU
		{AA0C00CB-8699-4F37-BFAE-40CA87ACC06D}.Release|Mixed Platforms.ActiveCfg = Release|x64
		{AA0C00CB-8699-4F37-BFAE-40CA87ACC06D}.Release|Mixed Platforms.Build.0 = Release|x64
		{AA0C00CB-8699-4F37-BFAE-40CA87ACC06D}.Release|x64.ActiveCfg = Release|x64
		{AA0C00CB-8699-4F37-BFAE-40CA87ACC06D}.Release|x64.Build.0 = Release|x64
		{AA0C00CB-8699-4F37-BFAE-40CA87ACC06D}.Release|x86.ActiveCfg = Release|x86
		{AA0C00CB-8699-4F37-BFAE-40CA87ACC06D}.Release|x86.Build.0 = Release|x86
	EndGlobalSection
	GlobalSection(SolutionProperties) = preSolution
		HideSolutionNode = FALSE
	EndGlobalSection
EndGlobal
